
Microsoft Visual Studio Solution File, Format Version 12.00
# Visual Studio Version 17
VisualStudioVersion = 17.11.35327.3
MinimumVisualStudioVersion = 10.0.40219.1
Project("{FAE04EC0-301F-11D3-BF4B-00C04F79EFBC}") = "Assignment1", "Assignment1.csproj", "{D802DA96-2B07-4D48-A493-7CEFFA6AE082}"
EndProject
Global
	GlobalSection(SolutionConfigurationPlatforms) = preSolution
		Debug|Any CPU = Debug|Any CPU
		Release|Any CPU = Release|Any CPU
	EndGlobalSection
	GlobalSection(ProjectConfigurationPlatforms) = postSolution
		{D802DA96-2B07-4D48-A493-7CEFFA6AE082}.Debug|Any CPU.ActiveCfg = Debug|Any CPU
		{D802DA96-2B07-4D48-A493-7CEFFA6AE082}.Debug|Any CPU.Build.0 = Debug|Any CPU
		{D802DA96-2B07-4D48-A493-7CEFFA6AE082}.Release|Any CPU.ActiveCfg = Release|Any CPU
		{D802DA96-2B07-4D48-A493-7CEFFA6AE082}.Release|Any CPU.Build.0 = Release|Any CPU
	EndGlobalSection
	GlobalSection(SolutionProperties) = preSolution
		HideSolutionNode = FALSE
	EndGlobalSection
	GlobalSection(ExtensibilityGlobals) = postSolution
		SolutionGuid = {EC77D3E5-55BB-43B2-8DB8-7CCD675D743A}
	EndGlobalSection
EndGlobal
