
Microsoft Visual Studio Solution File, Format Version 12.00
# Visual Studio Version 17
VisualStudioVersion = 17.11.35327.3
MinimumVisualStudioVersion = 10.0.40219.1
Project("{FAE04EC0-301F-11D3-BF4B-00C04F79EFBC}") = "C#- lec9_exercises", "C#- lec9_exercises.csproj", "{9FC25600-5829-4A61-AF23-5B03180D02D1}"
EndProject
Global
	GlobalSection(SolutionConfigurationPlatforms) = preSolution
		Debug|Any CPU = Debug|Any CPU
		Release|Any CPU = Release|Any CPU
	EndGlobalSection
	GlobalSection(ProjectConfigurationPlatforms) = postSolution
		{9FC25600-5829-4A61-AF23-5B03180D02D1}.Debug|Any CPU.ActiveCfg = Debug|Any CPU
		{9FC25600-5829-4A61-AF23-5B03180D02D1}.Debug|Any CPU.Build.0 = Debug|Any CPU
		{9FC25600-5829-4A61-AF23-5B03180D02D1}.Release|Any CPU.ActiveCfg = Release|Any CPU
		{9FC25600-5829-4A61-AF23-5B03180D02D1}.Release|Any CPU.Build.0 = Release|Any CPU
	EndGlobalSection
	GlobalSection(SolutionProperties) = preSolution
		HideSolutionNode = FALSE
	EndGlobalSection
	GlobalSection(ExtensibilityGlobals) = postSolution
		SolutionGuid = {E5925F82-730A-46A7-B5CC-947CCDDCDD76}
	EndGlobalSection
EndGlobal
